
Microsoft Visual Studio Solution File, Format Version 12.00
# Visual Studio Version 17
VisualStudioVersion = 17.2.32616.157
MinimumVisualStudioVersion = 10.0.40219.1
Project("{FAE04EC0-301F-11D3-BF4B-00C04F79EFBC}") = "NorthwindDal", "NorthwindDal\NorthwindDal.csproj", "{C39EDA7E-312A-4747-A29D-4B32CB0447CA}"
EndProject
Project("{FAE04EC0-301F-11D3-BF4B-00C04F79EFBC}") = "NorthwindDalTests", "NorthwindDalTests\NorthwindDalTests.csproj", "{D3ED6DAC-3E46-4EB4-86B4-43A64E8D3A6F}"
EndProject
Global
	GlobalSection(SolutionConfigurationPlatforms) = preSolution
		Debug|Any CPU = Debug|Any CPU
		Release|Any CPU = Release|Any CPU
	EndGlobalSection
	GlobalSection(ProjectConfigurationPlatforms) = postSolution
		{C39EDA7E-312A-4747-A29D-4B32CB0447CA}.Debug|Any CPU.ActiveCfg = Debug|Any CPU
		{C39EDA7E-312A-4747-A29D-4B32CB0447CA}.Debug|Any CPU.Build.0 = Debug|Any CPU
		{C39EDA7E-312A-4747-A29D-4B32CB0447CA}.Release|Any CPU.ActiveCfg = Release|Any CPU
		{C39EDA7E-312A-4747-A29D-4B32CB0447CA}.Release|Any CPU.Build.0 = Release|Any CPU
		{D3ED6DAC-3E46-4EB4-86B4-43A64E8D3A6F}.Debug|Any CPU.ActiveCfg = Debug|Any CPU
		{D3ED6DAC-3E46-4EB4-86B4-43A64E8D3A6F}.Debug|Any CPU.Build.0 = Debug|Any CPU
		{D3ED6DAC-3E46-4EB4-86B4-43A64E8D3A6F}.Release|Any CPU.ActiveCfg = Release|Any CPU
		{D3ED6DAC-3E46-4EB4-86B4-43A64E8D3A6F}.Release|Any CPU.Build.0 = Release|Any CPU
	EndGlobalSection
	GlobalSection(SolutionProperties) = preSolution
		HideSolutionNode = FALSE
	EndGlobalSection
	GlobalSection(ExtensibilityGlobals) = postSolution
		SolutionGuid = {5D32960F-A28F-4085-922E-E64CC45EBCC5}
	EndGlobalSection
EndGlobal
